
Microsoft Visual Studio Solution File, Format Version 12.00
Project("{FAE04EC0-301F-11D3-BF4B-00C04F79EFBC}") = "Pulsar", "projects\Pulsar\Pulsar.csproj", "{381420E6-0082-4AC9-84A8-FB41D4C02A19}"
EndProject
Project("{FAE04EC0-301F-11D3-BF4B-00C04F79EFBC}") = "Pulsar.Tests", "..\projects\Pulsar.Tests\Pulsar.Tests.csproj", "{7E736180-04F1-4425-92C2-DC697A7D2E8C}"
EndProject
Global
	GlobalSection(SolutionConfigurationPlatforms) = preSolution
		Debug|Any CPU = Debug|Any CPU
		Release|Any CPU = Release|Any CPU
	EndGlobalSection
	GlobalSection(ProjectConfigurationPlatforms) = postSolution
		{381420E6-0082-4AC9-84A8-FB41D4C02A19}.Debug|Any CPU.ActiveCfg = Debug|Any CPU
		{381420E6-0082-4AC9-84A8-FB41D4C02A19}.Debug|Any CPU.Build.0 = Debug|Any CPU
		{381420E6-0082-4AC9-84A8-FB41D4C02A19}.Release|Any CPU.ActiveCfg = Release|Any CPU
		{381420E6-0082-4AC9-84A8-FB41D4C02A19}.Release|Any CPU.Build.0 = Release|Any CPU
		{7E736180-04F1-4425-92C2-DC697A7D2E8C}.Debug|Any CPU.ActiveCfg = Debug|Any CPU
		{7E736180-04F1-4425-92C2-DC697A7D2E8C}.Debug|Any CPU.Build.0 = Debug|Any CPU
		{7E736180-04F1-4425-92C2-DC697A7D2E8C}.Release|Any CPU.ActiveCfg = Release|Any CPU
		{7E736180-04F1-4425-92C2-DC697A7D2E8C}.Release|Any CPU.Build.0 = Release|Any CPU
	EndGlobalSection
EndGlobal
